Microsoft Visual Studio Solution File, Format Version 12.00
# Visual Studio 15
Project("{2150E333-8FDC-42A3-9474-1A3956D46DE8}") = "CMake", "CMake", "{19FF8954-35FD-3886-9C91-677CCE0BB97A}"
EndProject
Project("{2150E333-8FDC-42A3-9474-1A3956D46DE8}") = "SFML", "SFML", "{B29B889D-E678-3E3C-8643-F31C3F9863FD}"
EndProject
Project("{8BC9CEB8-8B4A-11D0-8D11-00A0C91BC942}") = "ALL_BUILD", "ALL_BUILD.vcxproj", "{F8F61C73-D4A7-35BC-9EBD-C4BCC4D293E1}"
	ProjectSection(ProjectDependencies) = postProject
		{C2BBCBE6-91BE-307B-82EA-EC1466892C42} = {C2BBCBE6-91BE-307B-82EA-EC1466892C42}
		{443162B1-D8C3-36DE-AFDF-A65C2208634F} = {443162B1-D8C3-36DE-AFDF-A65C2208634F}
		{B2F466C6-95B7-3418-86CB-3167409F645B} = {B2F466C6-95B7-3418-86CB-3167409F645B}
		{D2B2650A-8ADA-35A7-B154-8119F58605DF} = {D2B2650A-8ADA-35A7-B154-8119F58605DF}
		{6FAE4503-F5C5-341B-A4A8-E688BABD9C7C} = {6FAE4503-F5C5-341B-A4A8-E688BABD9C7C}
		{6D0D642C-466D-3543-B865-85659A93B30B} = {6D0D642C-466D-3543-B865-85659A93B30B}
		{F1FA0149-34C8-3877-A542-639B381F2702} = {F1FA0149-34C8-3877-A542-639B381F2702}
	EndProjectSection
EndProject
Project("{8BC9CEB8-8B4A-11D0-8D11-00A0C91BC942}") = "INSTALL", "INSTALL.vcxproj", "{8F401DFF-E9F6-335D-9B1F-818CEDE62B03}"
	ProjectSection(ProjectDependencies) = postProject
		{F8F61C73-D4A7-35BC-9EBD-C4BCC4D293E1} = {F8F61C73-D4A7-35BC-9EBD-C4BCC4D293E1}
		{C2BBCBE6-91BE-307B-82EA-EC1466892C42} = {C2BBCBE6-91BE-307B-82EA-EC1466892C42}
	EndProjectSection
EndProject
Project("{8BC9CEB8-8B4A-11D0-8D11-00A0C91BC942}") = "ZERO_CHECK", "ZERO_CHECK.vcxproj", "{C2BBCBE6-91BE-307B-82EA-EC1466892C42}"
	ProjectSection(ProjectDependencies) = postProject
	EndProjectSection
EndProject
Project("{8BC9CEB8-8B4A-11D0-8D11-00A0C91BC942}") = "sfml-audio", "src\SFML\Audio\sfml-audio.vcxproj", "{443162B1-D8C3-36DE-AFDF-A65C2208634F}"
	ProjectSection(ProjectDependencies) = postProject
		{C2BBCBE6-91BE-307B-82EA-EC1466892C42} = {C2BBCBE6-91BE-307B-82EA-EC1466892C42}
		{6D0D642C-466D-3543-B865-85659A93B30B} = {6D0D642C-466D-3543-B865-85659A93B30B}
	EndProjectSection
EndProject
Project("{8BC9CEB8-8B4A-11D0-8D11-00A0C91BC942}") = "sfml-graphics", "src\SFML\Graphics\sfml-graphics.vcxproj", "{B2F466C6-95B7-3418-86CB-3167409F645B}"
	ProjectSection(ProjectDependencies) = postProject
		{C2BBCBE6-91BE-307B-82EA-EC1466892C42} = {C2BBCBE6-91BE-307B-82EA-EC1466892C42}
		{6D0D642C-466D-3543-B865-85659A93B30B} = {6D0D642C-466D-3543-B865-85659A93B30B}
		{F1FA0149-34C8-3877-A542-639B381F2702} = {F1FA0149-34C8-3877-A542-639B381F2702}
	EndProjectSection
EndProject
Project("{8BC9CEB8-8B4A-11D0-8D11-00A0C91BC942}") = "sfml-main", "src\SFML\Main\sfml-main.vcxproj", "{D2B2650A-8ADA-35A7-B154-8119F58605DF}"
	ProjectSection(ProjectDependencies) = postProject
		{C2BBCBE6-91BE-307B-82EA-EC1466892C42} = {C2BBCBE6-91BE-307B-82EA-EC1466892C42}
	EndProjectSection
EndProject
Project("{8BC9CEB8-8B4A-11D0-8D11-00A0C91BC942}") = "sfml-network", "src\SFML\Network\sfml-network.vcxproj", "{6FAE4503-F5C5-341B-A4A8-E688BABD9C7C}"
	ProjectSection(ProjectDependencies) = postProject
		{C2BBCBE6-91BE-307B-82EA-EC1466892C42} = {C2BBCBE6-91BE-307B-82EA-EC1466892C42}
		{6D0D642C-466D-3543-B865-85659A93B30B} = {6D0D642C-466D-3543-B865-85659A93B30B}
	EndProjectSection
EndProject
Project("{8BC9CEB8-8B4A-11D0-8D11-00A0C91BC942}") = "sfml-system", "src\SFML\System\sfml-system.vcxproj", "{6D0D642C-466D-3543-B865-85659A93B30B}"
	ProjectSection(ProjectDependencies) = postProject
		{C2BBCBE6-91BE-307B-82EA-EC1466892C42} = {C2BBCBE6-91BE-307B-82EA-EC1466892C42}
	EndProjectSection
EndProject
Project("{8BC9CEB8-8B4A-11D0-8D11-00A0C91BC942}") = "sfml-window", "src\SFML\Window\sfml-window.vcxproj", "{F1FA0149-34C8-3877-A542-639B381F2702}"
	ProjectSection(ProjectDependencies) = postProject
		{C2BBCBE6-91BE-307B-82EA-EC1466892C42} = {C2BBCBE6-91BE-307B-82EA-EC1466892C42}
		{6D0D642C-466D-3543-B865-85659A93B30B} = {6D0D642C-466D-3543-B865-85659A93B30B}
	EndProjectSection
EndProject
Global
	GlobalSection(SolutionConfigurationPlatforms) = preSolution
		Release|Win32 = Release|Win32
		Debug|Win32 = Debug|Win32
		MinSizeRel|Win32 = MinSizeRel|Win32
		RelWithDebInfo|Win32 = RelWithDebInfo|Win32
	EndGlobalSection
	GlobalSection(ProjectConfigurationPlatforms) = postSolution
		{F8F61C73-D4A7-35BC-9EBD-C4BCC4D293E1}.Release|Win32.ActiveCfg = Release|Win32
		{F8F61C73-D4A7-35BC-9EBD-C4BCC4D293E1}.Release|Win32.Build.0 = Release|Win32
		{F8F61C73-D4A7-35BC-9EBD-C4BCC4D293E1}.Debug|Win32.ActiveCfg = Debug|Win32
		{F8F61C73-D4A7-35BC-9EBD-C4BCC4D293E1}.Debug|Win32.Build.0 = Debug|Win32
		{F8F61C73-D4A7-35BC-9EBD-C4BCC4D293E1}.MinSizeRel|Win32.ActiveCfg = MinSizeRel|Win32
		{F8F61C73-D4A7-35BC-9EBD-C4BCC4D293E1}.MinSizeRel|Win32.Build.0 = MinSizeRel|Win32
		{F8F61C73-D4A7-35BC-9EBD-C4BCC4D293E1}.RelWithDebInfo|Win32.ActiveCfg = RelWithDebInfo|Win32
		{F8F61C73-D4A7-35BC-9EBD-C4BCC4D293E1}.RelWithDebInfo|Win32.Build.0 = RelWithDebInfo|Win32
		{8F401DFF-E9F6-335D-9B1F-818CEDE62B03}.Release|Win32.ActiveCfg = Release|Win32
		{8F401DFF-E9F6-335D-9B1F-818CEDE62B03}.Debug|Win32.ActiveCfg = Debug|Win32
		{8F401DFF-E9F6-335D-9B1F-818CEDE62B03}.MinSizeRel|Win32.ActiveCfg = MinSizeRel|Win32
		{8F401DFF-E9F6-335D-9B1F-818CEDE62B03}.RelWithDebInfo|Win32.ActiveCfg = RelWithDebInfo|Win32
		{C2BBCBE6-91BE-307B-82EA-EC1466892C42}.Release|Win32.ActiveCfg = Release|Win32
		{C2BBCBE6-91BE-307B-82EA-EC1466892C42}.Release|Win32.Build.0 = Release|Win32
		{C2BBCBE6-91BE-307B-82EA-EC1466892C42}.Debug|Win32.ActiveCfg = Debug|Win32
		{C2BBCBE6-91BE-307B-82EA-EC1466892C42}.Debug|Win32.Build.0 = Debug|Win32
		{C2BBCBE6-91BE-307B-82EA-EC1466892C42}.MinSizeRel|Win32.ActiveCfg = MinSizeRel|Win32
		{C2BBCBE6-91BE-307B-82EA-EC1466892C42}.MinSizeRel|Win32.Build.0 = MinSizeRel|Win32
		{C2BBCBE6-91BE-307B-82EA-EC1466892C42}.RelWithDebInfo|Win32.ActiveCfg = RelWithDebInfo|Win32
		{C2BBCBE6-91BE-307B-82EA-EC1466892C42}.RelWithDebInfo|Win32.Build.0 = RelWithDebInfo|Win32
		{443162B1-D8C3-36DE-AFDF-A65C2208634F}.Release|Win32.ActiveCfg = Release|Win32
		{443162B1-D8C3-36DE-AFDF-A65C2208634F}.Release|Win32.Build.0 = Release|Win32
		{443162B1-D8C3-36DE-AFDF-A65C2208634F}.Debug|Win32.ActiveCfg = Debug|Win32
		{443162B1-D8C3-36DE-AFDF-A65C2208634F}.Debug|Win32.Build.0 = Debug|Win32
		{443162B1-D8C3-36DE-AFDF-A65C2208634F}.MinSizeRel|Win32.ActiveCfg = MinSizeRel|Win32
		{443162B1-D8C3-36DE-AFDF-A65C2208634F}.MinSizeRel|Win32.Build.0 = MinSizeRel|Win32
		{443162B1-D8C3-36DE-AFDF-A65C2208634F}.RelWithDebInfo|Win32.ActiveCfg = RelWithDebInfo|Win32
		{443162B1-D8C3-36DE-AFDF-A65C2208634F}.RelWithDebInfo|Win32.Build.0 = RelWithDebInfo|Win32
		{B2F466C6-95B7-3418-86CB-3167409F645B}.Release|Win32.ActiveCfg = Release|Win32
		{B2F466C6-95B7-3418-86CB-3167409F645B}.Release|Win32.Build.0 = Release|Win32
		{B2F466C6-95B7-3418-86CB-3167409F645B}.Debug|Win32.ActiveCfg = Debug|Win32
		{B2F466C6-95B7-3418-86CB-3167409F645B}.Debug|Win32.Build.0 = Debug|Win32
		{B2F466C6-95B7-3418-86CB-3167409F645B}.MinSizeRel|Win32.ActiveCfg = MinSizeRel|Win32
		{B2F466C6-95B7-3418-86CB-3167409F645B}.MinSizeRel|Win32.Build.0 = MinSizeRel|Win32
		{B2F466C6-95B7-3418-86CB-3167409F645B}.RelWithDebInfo|Win32.ActiveCfg = RelWithDebInfo|Win32
		{B2F466C6-95B7-3418-86CB-3167409F645B}.RelWithDebInfo|Win32.Build.0 = RelWithDebInfo|Win32
		{D2B2650A-8ADA-35A7-B154-8119F58605DF}.Release|Win32.ActiveCfg = Release|Win32
		{D2B2650A-8ADA-35A7-B154-8119F58605DF}.Release|Win32.Build.0 = Release|Win32
		{D2B2650A-8ADA-35A7-B154-8119F58605DF}.Debug|Win32.ActiveCfg = Debug|Win32
		{D2B2650A-8ADA-35A7-B154-8119F58605DF}.Debug|Win32.Build.0 = Debug|Win32
		{D2B2650A-8ADA-35A7-B154-8119F58605DF}.MinSizeRel|Win32.ActiveCfg = MinSizeRel|Win32
		{D2B2650A-8ADA-35A7-B154-8119F58605DF}.MinSizeRel|Win32.Build.0 = MinSizeRel|Win32
		{D2B2650A-8ADA-35A7-B154-8119F58605DF}.RelWithDebInfo|Win32.ActiveCfg = RelWithDebInfo|Win32
		{D2B2650A-8ADA-35A7-B154-8119F58605DF}.RelWithDebInfo|Win32.Build.0 = RelWithDebInfo|Win32
		{6FAE4503-F5C5-341B-A4A8-E688BABD9C7C}.Release|Win32.ActiveCfg = Release|Win32
		{6FAE4503-F5C5-341B-A4A8-E688BABD9C7C}.Release|Win32.Build.0 = Release|Win32
		{6FAE4503-F5C5-341B-A4A8-E688BABD9C7C}.Debug|Win32.ActiveCfg = Debug|Win32
		{6FAE4503-F5C5-341B-A4A8-E688BABD9C7C}.Debug|Win32.Build.0 = Debug|Win32
		{6FAE4503-F5C5-341B-A4A8-E688BABD9C7C}.MinSizeRel|Win32.ActiveCfg = MinSizeRel|Win32
		{6FAE4503-F5C5-341B-A4A8-E688BABD9C7C}.MinSizeRel|Win32.Build.0 = MinSizeRel|Win32
		{6FAE4503-F5C5-341B-A4A8-E688BABD9C7C}.RelWithDebInfo|Win32.ActiveCfg = RelWithDebInfo|Win32
		{6FAE4503-F5C5-341B-A4A8-E688BABD9C7C}.RelWithDebInfo|Win32.Build.0 = RelWithDebInfo|Win32
		{6D0D642C-466D-3543-B865-85659A93B30B}.Release|Win32.ActiveCfg = Release|Win32
		{6D0D642C-466D-3543-B865-85659A93B30B}.Release|Win32.Build.0 = Release|Win32
		{6D0D642C-466D-3543-B865-85659A93B30B}.Debug|Win32.ActiveCfg = Debug|Win32
		{6D0D642C-466D-3543-B865-85659A93B30B}.Debug|Win32.Build.0 = Debug|Win32
		{6D0D642C-466D-3543-B865-85659A93B30B}.MinSizeRel|Win32.ActiveCfg = MinSizeRel|Win32
		{6D0D642C-466D-3543-B865-85659A93B30B}.MinSizeRel|Win32.Build.0 = MinSizeRel|Win32
		{6D0D642C-466D-3543-B865-85659A93B30B}.RelWithDebInfo|Win32.ActiveCfg = RelWithDebInfo|Win32
		{6D0D642C-466D-3543-B865-85659A93B30B}.RelWithDebInfo|Win32.Build.0 = RelWithDebInfo|Win32
		{F1FA0149-34C8-3877-A542-639B381F2702}.Release|Win32.ActiveCfg = Release|Win32
		{F1FA0149-34C8-3877-A542-639B381F2702}.Release|Win32.Build.0 = Release|Win32
		{F1FA0149-34C8-3877-A542-639B381F2702}.Debug|Win32.ActiveCfg = Debug|Win32
		{F1FA0149-34C8-3877-A542-639B381F2702}.Debug|Win32.Build.0 = Debug|Win32
		{F1FA0149-34C8-3877-A542-639B381F2702}.MinSizeRel|Win32.ActiveCfg = MinSizeRel|Win32
		{F1FA0149-34C8-3877-A542-639B381F2702}.MinSizeRel|Win32.Build.0 = MinSizeRel|Win32
		{F1FA0149-34C8-3877-A542-639B381F2702}.RelWithDebInfo|Win32.ActiveCfg = RelWithDebInfo|Win32
		{F1FA0149-34C8-3877-A542-639B381F2702}.RelWithDebInfo|Win32.Build.0 = RelWithDebInfo|Win32
	EndGlobalSection
	GlobalSection(NestedProjects) = preSolution
		{F8F61C73-D4A7-35BC-9EBD-C4BCC4D293E1} = {19FF8954-35FD-3886-9C91-677CCE0BB97A}
		{8F401DFF-E9F6-335D-9B1F-818CEDE62B03} = {19FF8954-35FD-3886-9C91-677CCE0BB97A}
		{C2BBCBE6-91BE-307B-82EA-EC1466892C42} = {19FF8954-35FD-3886-9C91-677CCE0BB97A}
		{443162B1-D8C3-36DE-AFDF-A65C2208634F} = {B29B889D-E678-3E3C-8643-F31C3F9863FD}
		{B2F466C6-95B7-3418-86CB-3167409F645B} = {B29B889D-E678-3E3C-8643-F31C3F9863FD}
		{D2B2650A-8ADA-35A7-B154-8119F58605DF} = {B29B889D-E678-3E3C-8643-F31C3F9863FD}
		{6FAE4503-F5C5-341B-A4A8-E688BABD9C7C} = {B29B889D-E678-3E3C-8643-F31C3F9863FD}
		{6D0D642C-466D-3543-B865-85659A93B30B} = {B29B889D-E678-3E3C-8643-F31C3F9863FD}
		{F1FA0149-34C8-3877-A542-639B381F2702} = {B29B889D-E678-3E3C-8643-F31C3F9863FD}
	EndGlobalSection
	GlobalSection(ExtensibilityGlobals) = postSolution
	EndGlobalSection
	GlobalSection(ExtensibilityAddIns) = postSolution
	EndGlobalSection
EndGlobal
