
Microsoft Visual Studio Solution File, Format Version 12.00
# Visual Studio 15
VisualStudioVersion = 15.0.27004.2005
MinimumVisualStudioVersion = 10.0.40219.1
Project("{8BC9CEB8-8B4A-11D0-8D11-00A0C91BC942}") = "vrpn_kinect", "vrpn_kinect.vcxproj", "{BDC8A5A4-4697-41AC-A0EC-4F14B38F1998}"
EndProject
Global
	GlobalSection(SolutionConfigurationPlatforms) = preSolution
		Debug|x86 = Debug|x86
		Release|x86 = Release|x86
	EndGlobalSection
	GlobalSection(ProjectConfigurationPlatforms) = postSolution
		{BDC8A5A4-4697-41AC-A0EC-4F14B38F1998}.Debug|x86.ActiveCfg = Debug|Win32
		{BDC8A5A4-4697-41AC-A0EC-4F14B38F1998}.Debug|x86.Build.0 = Debug|Win32
		{BDC8A5A4-4697-41AC-A0EC-4F14B38F1998}.Release|x86.ActiveCfg = Release|Win32
		{BDC8A5A4-4697-41AC-A0EC-4F14B38F1998}.Release|x86.Build.0 = Release|Win32
	EndGlobalSection
	GlobalSection(SolutionProperties) = preSolution
		HideSolutionNode = FALSE
	EndGlobalSection
	GlobalSection(ExtensibilityGlobals) = postSolution
		SolutionGuid = {5269A90D-8F48-4E53-A592-E2E599A311B6}
	EndGlobalSection
EndGlobal
